{
  "name": "tomato-garden-app",
  "version": "1.0.0",
  "lockfileVersion": 3,
  "requires": true,
  "packages": {
    "": {
      "name": "tomato-garden-app",
      "version": "1.0.0",
      "dependencies": {
        "msw": "^2.4.0",
        "vue": "^3.5.3"
      },
      "devDependencies": {
        "@vitejs/plugin-vue": "^5.0.0",
        "@vue/test-utils": "^2.4.11",
        "jsdom": "^29.1.1",
        "vite": "^5.4.10",
        "vitest": "^4.1.10"
      }
    }
  }
}
